
Microsoft Visual Studio Solution File, Format Version 12.00
# Visual Studio Version 17
VisualStudioVersion = 17.0.32112.339
MinimumVisualStudioVersion = 10.0.40219.1
Project("{2150E333-8FDC-42A3-9474-1A3956D46DE8}") = "Solution Items", "Solution Items", "{EADBEB5F-C33F-4E92-9406-7D17006C0787}"
	ProjectSection(SolutionItems) = preProject
		deploy.txt = deploy.txt
		..\global.json = ..\global.json
		WebApi.Presentation.Spotify\notes.txt = WebApi.Presentation.Spotify\notes.txt
		PERSONAL_NOTES.MD = PERSONAL_NOTES.MD
		preview_features.txt = preview_features.txt
	EndProjectSection
EndProject
Project("{2150E333-8FDC-42A3-9474-1A3956D46DE8}") = "src", "src", "{02EA681E-C7D8-13C7-8484-4AC65E1B71E8}"
EndProject
Project("{2150E333-8FDC-42A3-9474-1A3956D46DE8}") = "tests", "tests", "{B2D93B5C-BBEC-448A-930F-6E217AD0B535}"
EndProject
Project("{2150E333-8FDC-42A3-9474-1A3956D46DE8}") = "Commons", "Commons", "{DFFAC082-2BE0-4C15-BCE1-C32FE5C73762}"
EndProject
Project("{2150E333-8FDC-42A3-9474-1A3956D46DE8}") = "KafkaConsumers", "KafkaConsumers", "{5D98EEA9-CB1E-4FB0-B96E-8B86C7E637F3}"
EndProject
Project("{2150E333-8FDC-42A3-9474-1A3956D46DE8}") = "QueueConsumers", "QueueConsumers", "{DC1AC002-A8C1-4C8D-A4E7-6E0BDFB7279B}"
EndProject
Project("{2150E333-8FDC-42A3-9474-1A3956D46DE8}") = "BackgroundServices", "BackgroundServices", "{8947B697-F5A7-4BC0-85E4-91D1ADA2A293}"
EndProject
Project("{2150E333-8FDC-42A3-9474-1A3956D46DE8}") = "APIs", "APIs", "{3C29E9A7-8892-4FAA-877B-205EBA911AC5}"
EndProject
Project("{FAE04EC0-301F-11D3-BF4B-00C04F79EFBC}") = "StreamNote.Api", "src\APIs\StreamNote.Api\StreamNote.Api.csproj", "{EAE1D14B-8C38-A1D4-32A6-A603D7E3D668}"
EndProject
Project("{FAE04EC0-301F-11D3-BF4B-00C04F79EFBC}") = "StreamNote.GraphQL", "src\APIs\StreamNote.GraphQL\StreamNote.GraphQL.csproj", "{54E67878-B8F5-06C3-72C9-ABE6C755BBBA}"
EndProject
Project("{FAE04EC0-301F-11D3-BF4B-00C04F79EFBC}") = "StreamNote.Database.Commons", "src\Commons\StreamNote.Database.Commons\StreamNote.Database.Commons.csproj", "{3A7C0BC0-03F7-7000-F80D-55AF83C020C8}"
EndProject
Global
	GlobalSection(SolutionConfigurationPlatforms) = preSolution
		Debug|Any CPU = Debug|Any CPU
		Release|Any CPU = Release|Any CPU
	EndGlobalSection
	GlobalSection(ProjectConfigurationPlatforms) = postSolution
		{EAE1D14B-8C38-A1D4-32A6-A603D7E3D668}.Debug|Any CPU.ActiveCfg = Debug|Any CPU
		{EAE1D14B-8C38-A1D4-32A6-A603D7E3D668}.Debug|Any CPU.Build.0 = Debug|Any CPU
		{EAE1D14B-8C38-A1D4-32A6-A603D7E3D668}.Release|Any CPU.ActiveCfg = Release|Any CPU
		{EAE1D14B-8C38-A1D4-32A6-A603D7E3D668}.Release|Any CPU.Build.0 = Release|Any CPU
		{54E67878-B8F5-06C3-72C9-ABE6C755BBBA}.Debug|Any CPU.ActiveCfg = Debug|Any CPU
		{54E67878-B8F5-06C3-72C9-ABE6C755BBBA}.Debug|Any CPU.Build.0 = Debug|Any CPU
		{54E67878-B8F5-06C3-72C9-ABE6C755BBBA}.Release|Any CPU.ActiveCfg = Release|Any CPU
		{54E67878-B8F5-06C3-72C9-ABE6C755BBBA}.Release|Any CPU.Build.0 = Release|Any CPU
		{3A7C0BC0-03F7-7000-F80D-55AF83C020C8}.Debug|Any CPU.ActiveCfg = Debug|Any CPU
		{3A7C0BC0-03F7-7000-F80D-55AF83C020C8}.Debug|Any CPU.Build.0 = Debug|Any CPU
		{3A7C0BC0-03F7-7000-F80D-55AF83C020C8}.Release|Any CPU.ActiveCfg = Release|Any CPU
		{3A7C0BC0-03F7-7000-F80D-55AF83C020C8}.Release|Any CPU.Build.0 = Release|Any CPU
	EndGlobalSection
	GlobalSection(SolutionProperties) = preSolution
		HideSolutionNode = FALSE
	EndGlobalSection
	GlobalSection(NestedProjects) = preSolution
		{DFFAC082-2BE0-4C15-BCE1-C32FE5C73762} = {02EA681E-C7D8-13C7-8484-4AC65E1B71E8}
		{5D98EEA9-CB1E-4FB0-B96E-8B86C7E637F3} = {02EA681E-C7D8-13C7-8484-4AC65E1B71E8}
		{DC1AC002-A8C1-4C8D-A4E7-6E0BDFB7279B} = {02EA681E-C7D8-13C7-8484-4AC65E1B71E8}
		{8947B697-F5A7-4BC0-85E4-91D1ADA2A293} = {02EA681E-C7D8-13C7-8484-4AC65E1B71E8}
		{3C29E9A7-8892-4FAA-877B-205EBA911AC5} = {02EA681E-C7D8-13C7-8484-4AC65E1B71E8}
		{EAE1D14B-8C38-A1D4-32A6-A603D7E3D668} = {3C29E9A7-8892-4FAA-877B-205EBA911AC5}
		{54E67878-B8F5-06C3-72C9-ABE6C755BBBA} = {3C29E9A7-8892-4FAA-877B-205EBA911AC5}
		{3A7C0BC0-03F7-7000-F80D-55AF83C020C8} = {DFFAC082-2BE0-4C15-BCE1-C32FE5C73762}
	EndGlobalSection
	GlobalSection(ExtensibilityGlobals) = postSolution
		SolutionGuid = {C3E0D965-F087-4525-80F5-D93E9B7C4289}
	EndGlobalSection
EndGlobal
