
Microsoft Visual Studio Solution File, Format Version 12.00
# Visual Studio Version 17
VisualStudioVersion = 17.0.32112.339
MinimumVisualStudioVersion = 10.0.40219.1
Project("{9A19103F-16F7-4668-BE54-9A1E7A4F7556}") = "Spotify-Test", "..\Spotify-Test\Spotify-Test.csproj", "{2EF7DFB5-E9E7-4560-A126-EBFAC7CFE37C}"
EndProject
Project("{2150E333-8FDC-42A3-9474-1A3956D46DE8}") = "Solution Items", "Solution Items", "{EADBEB5F-C33F-4E92-9406-7D17006C0787}"
	ProjectSection(SolutionItems) = preProject
		WebApi.Presentation.Spotify\notes.txt = WebApi.Presentation.Spotify\notes.txt
		PERSONAL_NOTES.MD = PERSONAL_NOTES.MD
		preview_features.txt = preview_features.txt
	EndProjectSection
EndProject
Project("{9A19103F-16F7-4668-BE54-9A1E7A4F7556}") = "Domain.Spotify", "..\Domain.Spotify\Domain.Spotify.csproj", "{7CA4E8FF-86CB-48E5-A72F-C2298C7DA325}"
EndProject
Project("{9A19103F-16F7-4668-BE54-9A1E7A4F7556}") = "Infrastructure.Spotify", "..\Infrastructure.Spotify\Infrastructure.Spotify.csproj", "{DAF99CA5-8030-4C11-A1AC-9BDDEB584250}"
EndProject
Project("{9A19103F-16F7-4668-BE54-9A1E7A4F7556}") = "Application.Spotify", "..\Application.Spotify\Application.Spotify.csproj", "{75BE66E9-3C4D-4DF6-B919-DE8E949AA2C0}"
EndProject
Project("{9A19103F-16F7-4668-BE54-9A1E7A4F7556}") = "WebApi.Presentation.Spotify", "WebApi.Presentation.Spotify\WebApi.Presentation.Spotify.csproj", "{4867FEF0-0C13-4628-96EE-3F52479A4D80}"
EndProject
Global
	GlobalSection(SolutionConfigurationPlatforms) = preSolution
		Debug|Any CPU = Debug|Any CPU
		Release|Any CPU = Release|Any CPU
	EndGlobalSection
	GlobalSection(ProjectConfigurationPlatforms) = postSolution
		{2EF7DFB5-E9E7-4560-A126-EBFAC7CFE37C}.Debug|Any CPU.ActiveCfg = Debug|Any CPU
		{2EF7DFB5-E9E7-4560-A126-EBFAC7CFE37C}.Debug|Any CPU.Build.0 = Debug|Any CPU
		{2EF7DFB5-E9E7-4560-A126-EBFAC7CFE37C}.Release|Any CPU.ActiveCfg = Release|Any CPU
		{2EF7DFB5-E9E7-4560-A126-EBFAC7CFE37C}.Release|Any CPU.Build.0 = Release|Any CPU
		{7CA4E8FF-86CB-48E5-A72F-C2298C7DA325}.Debug|Any CPU.ActiveCfg = Debug|Any CPU
		{7CA4E8FF-86CB-48E5-A72F-C2298C7DA325}.Debug|Any CPU.Build.0 = Debug|Any CPU
		{7CA4E8FF-86CB-48E5-A72F-C2298C7DA325}.Release|Any CPU.ActiveCfg = Release|Any CPU
		{7CA4E8FF-86CB-48E5-A72F-C2298C7DA325}.Release|Any CPU.Build.0 = Release|Any CPU
		{DAF99CA5-8030-4C11-A1AC-9BDDEB584250}.Debug|Any CPU.ActiveCfg = Debug|Any CPU
		{DAF99CA5-8030-4C11-A1AC-9BDDEB584250}.Debug|Any CPU.Build.0 = Debug|Any CPU
		{DAF99CA5-8030-4C11-A1AC-9BDDEB584250}.Release|Any CPU.ActiveCfg = Release|Any CPU
		{DAF99CA5-8030-4C11-A1AC-9BDDEB584250}.Release|Any CPU.Build.0 = Release|Any CPU
		{75BE66E9-3C4D-4DF6-B919-DE8E949AA2C0}.Debug|Any CPU.ActiveCfg = Debug|Any CPU
		{75BE66E9-3C4D-4DF6-B919-DE8E949AA2C0}.Debug|Any CPU.Build.0 = Debug|Any CPU
		{75BE66E9-3C4D-4DF6-B919-DE8E949AA2C0}.Release|Any CPU.ActiveCfg = Release|Any CPU
		{75BE66E9-3C4D-4DF6-B919-DE8E949AA2C0}.Release|Any CPU.Build.0 = Release|Any CPU
		{4867FEF0-0C13-4628-96EE-3F52479A4D80}.Debug|Any CPU.ActiveCfg = Debug|Any CPU
		{4867FEF0-0C13-4628-96EE-3F52479A4D80}.Debug|Any CPU.Build.0 = Debug|Any CPU
		{4867FEF0-0C13-4628-96EE-3F52479A4D80}.Release|Any CPU.ActiveCfg = Release|Any CPU
		{4867FEF0-0C13-4628-96EE-3F52479A4D80}.Release|Any CPU.Build.0 = Release|Any CPU
	EndGlobalSection
	GlobalSection(SolutionProperties) = preSolution
		HideSolutionNode = FALSE
	EndGlobalSection
	GlobalSection(ExtensibilityGlobals) = postSolution
		SolutionGuid = {C3E0D965-F087-4525-80F5-D93E9B7C4289}
	EndGlobalSection
EndGlobal
